// !$*UTF8*$!
{
	archiveVersion = 1;
	classes = {
	};
	objectVersion = 46;
	objects = {

/* Begin PBXBuildFile section */
		400B00A619594547005A181F /* Foundation.framework in Frameworks */ = {isa = PBXBuildFile; fileRef = 400B00A519594547005A181F /* Foundation.framework */; };
		400B00A819594547005A181F /* CoreGraphics.framework in Frameworks */ = {isa = PBXBuildFile; fileRef = 400B00A719594547005A181F /* CoreGraphics.framework */; };
		400B00AA19594547005A181F /* UIKit.framework in Frameworks */ = {isa = PBXBuildFile; fileRef = 400B00A919594547005A181F /* UIKit.framework */; };
		400B00B019594547005A181F /* InfoPlist.strings in Resources */ = {isa = PBXBuildFile; fileRef = 400B00AE19594547005A181F /* InfoPlist.strings */; };
		400B00B219594547005A181F /* main.m in Sources */ = {isa = PBXBuildFile; fileRef = 400B00B119594547005A181F /* main.m */; };
		400B00B619594547005A181F /* MPAppDelegate.m in Sources */ = {isa = PBXBuildFile; fileRef = 400B00B519594547005A181F /* MPAppDelegate.m */; };
		400B00B919594547005A181F /* Main.storyboard in Resources */ = {isa = PBXBuildFile; fileRef = 400B00B719594547005A181F /* Main.storyboard */; };
		400B00BE19594547005A181F /* Images.xcassets in Resources */ = {isa = PBXBuildFile; fileRef = 400B00BD19594547005A181F /* Images.xcassets */; };
		400B00C519594547005A181F /* XCTest.framework in Frameworks */ = {isa = PBXBuildFile; fileRef = 400B00C419594547005A181F /* XCTest.framework */; };
		400B00C619594547005A181F /* Foundation.framework in Frameworks */ = {isa = PBXBuildFile; fileRef = 400B00A519594547005A181F /* Foundation.framework */; };
		400B00C719594547005A181F /* UIKit.framework in Frameworks */ = {isa = PBXBuildFile; fileRef = 400B00A919594547005A181F /* UIKit.framework */; };
		400B00CF19594547005A181F /* InfoPlist.strings in Resources */ = {isa = PBXBuildFile; fileRef = 400B00CD19594547005A181F /* InfoPlist.strings */; };
		400B00D119594547005A181F /* FlingTests.m in Sources */ = {isa = PBXBuildFile; fileRef = 400B00D019594547005A181F /* FlingTests.m */; };
		40143A5A19595CB2000EC37D /* CoreLocation.framework in Frameworks */ = {isa = PBXBuildFile; fileRef = 40143A5919595CB2000EC37D /* CoreLocation.framework */; };
		40143A62195A9E24000EC37D /* MPViewController.m in Sources */ = {isa = PBXBuildFile; fileRef = 40143A61195A9E24000EC37D /* MPViewController.m */; };
/* End PBXBuildFile section */

/* Begin PBXContainerItemProxy section */
		400B00C819594547005A181F /* PBXContainerItemProxy */ = {
			isa = PBXContainerItemProxy;
			containerPortal = 400B009A19594547005A181F /* Project object */;
			proxyType = 1;
			remoteGlobalIDString = 400B00A119594547005A181F;
			remoteInfo = Fling;
		};
/* End PBXContainerItemProxy section */

/* Begin PBXFileReference section */
		400B00A219594547005A181F /* Fling.app */ = {isa = PBXFileReference; explicitFileType = wrapper.application; includeInIndex = 0; path = Fling.app; sourceTree = BUILT_PRODUCTS_DIR; };
		400B00A519594547005A181F /* Foundation.framework */ = {isa = PBXFileReference; lastKnownFileType = wrapper.framework; name = Foundation.framework; path = System/Library/Frameworks/Foundation.framework; sourceTree = SDKROOT; };
		400B00A719594547005A181F /* CoreGraphics.framework */ = {isa = PBXFileReference; lastKnownFileType = wrapper.framework; name = CoreGraphics.framework; path = System/Library/Frameworks/CoreGraphics.framework; sourceTree = SDKROOT; };
		400B00A919594547005A181F /* UIKit.framework */ = {isa = PBXFileReference; lastKnownFileType = wrapper.framework; name = UIKit.framework; path = System/Library/Frameworks/UIKit.framework; sourceTree = SDKROOT; };
		400B00AD19594547005A181F /* Fling-Info.plist */ = {isa = PBXFileReference; lastKnownFileType = text.plist.xml; path = "Fling-Info.plist"; sourceTree = "<group>"; };
		400B00AF19594547005A181F /* en */ = {isa = PBXFileReference; lastKnownFileType = text.plist.strings; name = en; path = en.lproj/InfoPlist.strings; sourceTree = "<group>"; };
		400B00B119594547005A181F /* main.m */ = {isa = PBXFileReference; lastKnownFileType = sourcecode.c.objc; path = main.m; sourceTree = "<group>"; };
		400B00B319594547005A181F /* Fling-Prefix.pch */ = {isa = PBXFileReference; lastKnownFileType = sourcecode.c.h; path = "Fling-Prefix.pch"; sourceTree = "<group>"; };
		400B00B419594547005A181F /* MPAppDelegate.h */ = {isa = PBXFileReference; lastKnownFileType = sourcecode.c.h; path = MPAppDelegate.h; sourceTree = "<group>"; };
		400B00B519594547005A181F /* MPAppDelegate.m */ = {isa = PBXFileReference; lastKnownFileType = sourcecode.c.objc; path = MPAppDelegate.m; sourceTree = "<group>"; };
		400B00B819594547005A181F /* Base */ = {isa = PBXFileReference; lastKnownFileType = file.storyboard; name = Base; path = Base.lproj/Main.storyboard; sourceTree = "<group>"; };
		400B00BA19594547005A181F /* MPViewController.h */ = {isa = PBXFileReference; lastKnownFileType = sourcecode.c.h; path = MPViewController.h; sourceTree = "<group>"; };
		400B00BD19594547005A181F /* Images.xcassets */ = {isa = PBXFileReference; lastKnownFileType = folder.assetcatalog; path = Images.xcassets; sourceTree = "<group>"; };
		400B00C319594547005A181F /* FlingTests.xctest */ = {isa = PBXFileReference; explicitFileType = wrapper.cfbundle; includeInIndex = 0; path = FlingTests.xctest; sourceTree = BUILT_PRODUCTS_DIR; };
		400B00C419594547005A181F /* XCTest.framework */ = {isa = PBXFileReference; lastKnownFileType = wrapper.framework; name = XCTest.framework; path = Library/Frameworks/XCTest.framework; sourceTree = DEVELOPER_DIR; };
		400B00CC19594547005A181F /* FlingTests-Info.plist */ = {isa = PBXFileReference; lastKnownFileType = text.plist.xml; path = "FlingTests-Info.plist"; sourceTree = "<group>"; };
		400B00CE19594547005A181F /* en */ = {isa = PBXFileReference; lastKnownFileType = text.plist.strings; name = en; path = en.lproj/InfoPlist.strings; sourceTree = "<group>"; };
		400B00D019594547005A181F /* FlingTests.m */ = {isa = PBXFileReference; lastKnownFileType = sourcecode.c.objc; path = FlingTests.m; sourceTree = "<group>"; };
		40143A5919595CB2000EC37D /* CoreLocation.framework */ = {isa = PBXFileReference; lastKnownFileType = wrapper.framework; name = CoreLocation.framework; path = System/Library/Frameworks/CoreLocation.framework; sourceTree = SDKROOT; };
		40143A61195A9E24000EC37D /* MPViewController.m */ = {isa = PBXFileReference; fileEncoding = 4; lastKnownFileType = sourcecode.c.objc; path = MPViewController.m; sourceTree = "<group>"; };
/* End PBXFileReference section */

/* Begin PBXFrameworksBuildPhase section */
		400B009F19594547005A181F /* Frameworks */ = {
			isa = PBXFrameworksBuildPhase;
			buildActionMask = 2147483647;
			files = (
				40143A5A19595CB2000EC37D /* CoreLocation.framework in Frameworks */,
				400B00A819594547005A181F /* CoreGraphics.framework in Frameworks */,
				400B00AA19594547005A181F /* UIKit.framework in Frameworks */,
				400B00A619594547005A181F /* Foundation.framework in Frameworks */,
			);
			runOnlyForDeploymentPostprocessing = 0;
		};
		400B00C019594547005A181F /* Frameworks */ = {
			isa = PBXFrameworksBuildPhase;
			buildActionMask = 2147483647;
			files = (
				400B00C519594547005A181F /* XCTest.framework in Frameworks */,
				400B00C719594547005A181F /* UIKit.framework in Frameworks */,
				400B00C619594547005A181F /* Foundation.framework in Frameworks */,
			);
			runOnlyForDeploymentPostprocessing = 0;
		};
/* End PBXFrameworksBuildPhase section */

/* Begin PBXGroup section */
		400B009919594547005A181F = {
			isa = PBXGroup;
			children = (
				400B00AB19594547005A181F /* Fling */,
				400B00CA19594547005A181F /* FlingTests */,
				400B00A419594547005A181F /* Frameworks */,
				400B00A319594547005A181F /* Products */,
			);
			sourceTree = "<group>";
		};
		400B00A319594547005A181F /* Products */ = {
			isa = PBXGroup;
			children = (
				400B00A219594547005A181F /* Fling.app */,
				400B00C319594547005A181F /* FlingTests.xctest */,
			);
			name = Products;
			sourceTree = "<group>";
		};
		400B00A419594547005A181F /* Frameworks */ = {
			isa = PBXGroup;
			children = (
				40143A5919595CB2000EC37D /* CoreLocation.framework */,
				400B00A519594547005A181F /* Foundation.framework */,
				400B00A719594547005A181F /* CoreGraphics.framework */,
				400B00A919594547005A181F /* UIKit.framework */,
				400B00C419594547005A181F /* XCTest.framework */,
			);
			name = Frameworks;
			sourceTree = "<group>";
		};
		400B00AB19594547005A181F /* Fling */ = {
			isa = PBXGroup;
			children = (
				400B00B419594547005A181F /* MPAppDelegate.h */,
				400B00B519594547005A181F /* MPAppDelegate.m */,
				400B00B719594547005A181F /* Main.storyboard */,
				400B00BA19594547005A181F /* MPViewController.h */,
				40143A61195A9E24000EC37D /* MPViewController.m */,
				400B00BD19594547005A181F /* Images.xcassets */,
				400B00AC19594547005A181F /* Supporting Files */,
			);
			path = Fling;
			sourceTree = "<group>";
		};
		400B00AC19594547005A181F /* Supporting Files */ = {
			isa = PBXGroup;
			children = (
				400B00AD19594547005A181F /* Fling-Info.plist */,
				400B00AE19594547005A181F /* InfoPlist.strings */,
				400B00B119594547005A181F /* main.m */,
				400B00B319594547005A181F /* Fling-Prefix.pch */,
			);
			name = "Supporting Files";
			sourceTree = "<group>";
		};
		400B00CA19594547005A181F /* FlingTests */ = {
			isa = PBXGroup;
			children = (
				400B00D019594547005A181F /* FlingTests.m */,
				400B00CB19594547005A181F /* Supporting Files */,
			);
			path = FlingTests;
			sourceTree = "<group>";
		};
		400B00CB19594547005A181F /* Supporting Files */ = {
			isa = PBXGroup;
			children = (
				400B00CC19594547005A181F /* FlingTests-Info.plist */,
				400B00CD19594547005A181F /* InfoPlist.strings */,
			);
			name = "Supporting Files";
			sourceTree = "<group>";
		};
/* End PBXGroup section */

/* Begin PBXNativeTarget section */
		400B00A119594547005A181F /* Fling */ = {
			isa = PBXNativeTarget;
			buildConfigurationList = 400B00D419594547005A181F /* Build configuration list for PBXNativeTarget "Fling" */;
			buildPhases = (
				400B009E19594547005A181F /* Sources */,
				400B009F19594547005A181F /* Frameworks */,
				400B00A019594547005A181F /* Resources */,
			);
			buildRules = (
			);
			dependencies = (
			);
			name = Fling;
			productName = Fling;
			productReference = 400B00A219594547005A181F /* Fling.app */;
			productType = "com.apple.product-type.application";
		};
		400B00C219594547005A181F /* FlingTests */ = {
			isa = PBXNativeTarget;
			buildConfigurationList = 400B00D719594547005A181F /* Build configuration list for PBXNativeTarget "FlingTests" */;
			buildPhases = (
				400B00BF19594547005A181F /* Sources */,
				400B00C019594547005A181F /* Frameworks */,
				400B00C119594547005A181F /* Resources */,
			);
			buildRules = (
			);
			dependencies = (
				400B00C919594547005A181F /* PBXTargetDependency */,
			);
			name = FlingTests;
			productName = FlingTests;
			productReference = 400B00C319594547005A181F /* FlingTests.xctest */;
			productType = "com.apple.product-type.bundle.unit-test";
		};
/* End PBXNativeTarget section */

/* Begin PBXProject section */
		400B009A19594547005A181F /* Project object */ = {
			isa = PBXProject;
			attributes = {
				CLASSPREFIX = MP;
				LastUpgradeCheck = 0510;
				ORGANIZATIONNAME = CCIFT;
				TargetAttributes = {
					400B00C219594547005A181F = {
						TestTargetID = 400B00A119594547005A181F;
					};
				};
			};
			buildConfigurationList = 400B009D19594547005A181F /* Build configuration list for PBXProject "Fling" */;
			compatibilityVersion = "Xcode 3.2";
			developmentRegion = English;
			hasScannedForEncodings = 0;
			knownRegions = (
				en,
				Base,
			);
			mainGroup = 400B009919594547005A181F;
			productRefGroup = 400B00A319594547005A181F /* Products */;
			projectDirPath = "";
			projectRoot = "";
			targets = (
				400B00A119594547005A181F /* Fling */,
				400B00C219594547005A181F /* FlingTests */,
			);
		};
/* End PBXProject section */

/* Begin PBXResourcesBuildPhase section */
		400B00A019594547005A181F /* Resources */ = {
			isa = PBXResourcesBuildPhase;
			buildActionMask = 2147483647;
			files = (
				400B00BE19594547005A181F /* Images.xcassets in Resources */,
				400B00B019594547005A181F /* InfoPlist.strings in Resources */,
				400B00B919594547005A181F /* Main.storyboard in Resources */,
			);
			runOnlyForDeploymentPostprocessing = 0;
		};
		400B00C119594547005A181F /* Resources */ = {
			isa = PBXResourcesBuildPhase;
			buildActionMask = 2147483647;
			files = (
				400B00CF19594547005A181F /* InfoPlist.strings in Resources */,
			);
			runOnlyForDeploymentPostprocessing = 0;
		};
/* End PBXResourcesBuildPhase section */

/* Begin PBXSourcesBuildPhase section */
		400B009E19594547005A181F /* Sources */ = {
			isa = PBXSourcesBuildPhase;
			buildActionMask = 2147483647;
			files = (
				400B00B219594547005A181F /* main.m in Sources */,
				40143A62195A9E24000EC37D /* MPViewController.m in Sources */,
				400B00B619594547005A181F /* MPAppDelegate.m in Sources */,
			);
			runOnlyForDeploymentPostprocessing = 0;
		};
		400B00BF19594547005A181F /* Sources */ = {
			isa = PBXSourcesBuildPhase;
			buildActionMask = 2147483647;
			files = (
				400B00D119594547005A181F /* FlingTests.m in Sources */,
			);
			runOnlyForDeploymentPostprocessing = 0;
		};
/* End PBXSourcesBuildPhase section */

/* Begin PBXTargetDependency section */
		400B00C919594547005A181F /* PBXTargetDependency */ = {
			isa = PBXTargetDependency;
			target = 400B00A119594547005A181F /* Fling */;
			targetProxy = 400B00C819594547005A181F /* PBXContainerItemProxy */;
		};
/* End PBXTargetDependency section */

/* Begin PBXVariantGroup section */
		400B00AE19594547005A181F /* InfoPlist.strings */ = {
			isa = PBXVariantGroup;
			children = (
				400B00AF19594547005A181F /* en */,
			);
			name = InfoPlist.strings;
			sourceTree = "<group>";
		};
		400B00B719594547005A181F /* Main.storyboard */ = {
			isa = PBXVariantGroup;
			children = (
				400B00B819594547005A181F /* Base */,
			);
			name = Main.storyboard;
			sourceTree = "<group>";
		};
		400B00CD19594547005A181F /* InfoPlist.strings */ = {
			isa = PBXVariantGroup;
			children = (
				400B00CE19594547005A181F /* en */,
			);
			name = InfoPlist.strings;
			sourceTree = "<group>";
		};
/* End PBXVariantGroup section */

/* Begin XCBuildConfiguration section */
		400B00D219594547005A181F /* Debug */ = {
			isa = XCBuildConfiguration;
			buildSettings = {
				ALWAYS_SEARCH_USER_PATHS = NO;
				CLANG_CXX_LANGUAGE_STANDARD = "gnu++0x";
				CLANG_CXX_LIBRARY = "libc++";
				CLANG_ENABLE_MODULES = YES;
				CLANG_ENABLE_OBJC_ARC = YES;
				CLANG_WARN_BOOL_CONVERSION = YES;
				CLANG_WARN_CONSTANT_CONVERSION = YES;
				CLANG_WARN_DIRECT_OBJC_ISA_USAGE = YES_ERROR;
				CLANG_WARN_EMPTY_BODY = YES;
				CLANG_WARN_ENUM_CONVERSION = YES;
				CLANG_WARN_INT_CONVERSION = YES;
				CLANG_WARN_OBJC_ROOT_CLASS = YES_ERROR;
				CLANG_WARN__DUPLICATE_METHOD_MATCH = YES;
				"CODE_SIGN_IDENTITY[sdk=iphoneos*]" = "iPhone Developer";
				COPY_PHASE_STRIP = NO;
				GCC_C_LANGUAGE_STANDARD = gnu99;
				GCC_DYNAMIC_NO_PIC = NO;
				GCC_OPTIMIZATION_LEVEL = 0;
				GCC_PREPROCESSOR_DEFINITIONS = (
					"DEBUG=1",
					"$(inherited)",
				);
				GCC_SYMBOLS_PRIVATE_EXTERN = NO;
				GCC_WARN_64_TO_32_BIT_CONVERSION = YES;
				GCC_WARN_ABOUT_RETURN_TYPE = YES_ERROR;
				GCC_WARN_UNDECLARED_SELECTOR = YES;
				GCC_WARN_UNINITIALIZED_AUTOS = YES_AGGRESSIVE;
				GCC_WARN_UNUSED_FUNCTION = YES;
				GCC_WARN_UNUSED_VARIABLE = YES;
				IPHONEOS_DEPLOYMENT_TARGET = 7.1;
				ONLY_ACTIVE_ARCH = YES;
				SDKROOT = iphoneos;
			};
			name = Debug;
		};
		400B00D319594547005A181F /* Release */ = {
			isa = XCBuildConfiguration;
			buildSettings = {
				ALWAYS_SEARCH_USER_PATHS = NO;
				CLANG_CXX_LANGUAGE_STANDARD = "gnu++0x";
				CLANG_CXX_LIBRARY = "libc++";
				CLANG_ENABLE_MODULES = YES;
				CLANG_ENABLE_OBJC_ARC = YES;
				CLANG_WARN_BOOL_CONVERSION = YES;
				CLANG_WARN_CONSTANT_CONVERSION = YES;
				CLANG_WARN_DIRECT_OBJC_ISA_USAGE = YES_ERROR;
				CLANG_WARN_EMPTY_BODY = YES;
				CLANG_WARN_ENUM_CONVERSION = YES;
				CLANG_WARN_INT_CONVERSION = YES;
				CLANG_WARN_OBJC_ROOT_CLASS = YES_ERROR;
				CLANG_WARN__DUPLICATE_METHOD_MATCH = YES;
				"CODE_SIGN_IDENTITY[sdk=iphoneos*]" = "iPhone Developer";
				COPY_PHASE_STRIP = YES;
				ENABLE_NS_ASSERTIONS = NO;
				GCC_C_LANGUAGE_STANDARD = gnu99;
				GCC_WARN_64_TO_32_BIT_CONVERSION = YES;
				GCC_WARN_ABOUT_RETURN_TYPE = YES_ERROR;
				GCC_WARN_UNDECLARED_SELECTOR = YES;
				GCC_WARN_UNINITIALIZED_AUTOS = YES_AGGRESSIVE;
				GCC_WARN_UNUSED_FUNCTION = YES;
				GCC_WARN_UNUSED_VARIABLE = YES;
				IPHONEOS_DEPLOYMENT_TARGET = 7.1;
				SDKROOT = iphoneos;
				VALIDATE_PRODUCT = YES;
			};
			name = Release;
		};
		400B00D519594547005A181F /* Debug */ = {
			isa = XCBuildConfiguration;
			buildSettings = {
				ASSETCATALOG_COMPILER_APPICON_NAME = AppIcon;
				ASSETCATALOG_COMPILER_LAUNCHIMAGE_NAME = LaunchImage;
				GCC_PRECOMPILE_PREFIX_HEADER = YES;
				GCC_PREFIX_HEADER = "Fling/Fling-Prefix.pch";
				INFOPLIST_FILE = "Fling/Fling-Info.plist";
				PRODUCT_NAME = "$(TARGET_NAME)";
				WRAPPER_EXTENSION = app;
			};
			name = Debug;
		};
		400B00D619594547005A181F /* Release */ = {
			isa = XCBuildConfiguration;
			buildSettings = {
				ASSETCATALOG_COMPILER_APPICON_NAME = AppIcon;
				ASSETCATALOG_COMPILER_LAUNCHIMAGE_NAME = LaunchImage;
				GCC_PRECOMPILE_PREFIX_HEADER = YES;
				GCC_PREFIX_HEADER = "Fling/Fling-Prefix.pch";
				INFOPLIST_FILE = "Fling/Fling-Info.plist";
				PRODUCT_NAME = "$(TARGET_NAME)";
				WRAPPER_EXTENSION = app;
			};
			name = Release;
		};
		400B00D819594547005A181F /* Debug */ = {
			isa = XCBuildConfiguration;
			buildSettings = {
				BUNDLE_LOADER = "$(BUILT_PRODUCTS_DIR)/Fling.app/Fling";
				FRAMEWORK_SEARCH_PATHS = (
					"$(SDKROOT)/Developer/Library/Frameworks",
					"$(inherited)",
					"$(DEVELOPER_FRAMEWORKS_DIR)",
				);
				GCC_PRECOMPILE_PREFIX_HEADER = YES;
				GCC_PREFIX_HEADER = "Fling/Fling-Prefix.pch";
				GCC_PREPROCESSOR_DEFINITIONS = (
					"DEBUG=1",
					"$(inherited)",
				);
				INFOPLIST_FILE = "FlingTests/FlingTests-Info.plist";
				PRODUCT_NAME = "$(TARGET_NAME)";
				TEST_HOST = "$(BUNDLE_LOADER)";
				WRAPPER_EXTENSION = xctest;
			};
			name = Debug;
		};
		400B00D919594547005A181F /* Release */ = {
			isa = XCBuildConfiguration;
			buildSettings = {
				BUNDLE_LOADER = "$(BUILT_PRODUCTS_DIR)/Fling.app/Fling";
				FRAMEWORK_SEARCH_PATHS = (
					"$(SDKROOT)/Developer/Library/Frameworks",
					"$(inherited)",
					"$(DEVELOPER_FRAMEWORKS_DIR)",
				);
				GCC_PRECOMPILE_PREFIX_HEADER = YES;
				GCC_PREFIX_HEADER = "Fling/Fling-Prefix.pch";
				INFOPLIST_FILE = "FlingTests/FlingTests-Info.plist";
				PRODUCT_NAME = "$(TARGET_NAME)";
				TEST_HOST = "$(BUNDLE_LOADER)";
				WRAPPER_EXTENSION = xctest;
			};
			name = Release;
		};
/* End XCBuildConfiguration section */

/* Begin XCConfigurationList section */
		400B009D19594547005A181F /* Build configuration list for PBXProject "Fling" */ = {
			isa = XCConfigurationList;
			buildConfigurations = (
				400B00D219594547005A181F /* Debug */,
				400B00D319594547005A181F /* Release */,
			);
			defaultConfigurationIsVisible = 0;
			defaultConfigurationName = Release;
		};
		400B00D419594547005A181F /* Build configuration list for PBXNativeTarget "Fling" */ = {
			isa = XCConfigurationList;
			buildConfigurations = (
				400B00D519594547005A181F /* Debug */,
				400B00D619594547005A181F /* Release */,
			);
			defaultConfigurationIsVisible = 0;
			defaultConfigurationName = Release;
		};
		400B00D719594547005A181F /* Build configuration list for PBXNativeTarget "FlingTests" */ = {
			isa = XCConfigurationList;
			buildConfigurations = (
				400B00D819594547005A181F /* Debug */,
				400B00D919594547005A181F /* Release */,
			);
			defaultConfigurationIsVisible = 0;
			defaultConfigurationName = Release;
		};
/* End XCConfigurationList section */
	};
	rootObject = 400B009A19594547005A181F /* Project object */;
}
